# THIS IS AN AUTOGENERATED FILE. DO NOT EDIT THIS FILE DIRECTLY.
# yarn lockfile v1


ralix@^1.4.0:
  version "1.4.0"
  resolved "https://registry.yarnpkg.com/ralix/-/ralix-1.4.0.tgz#b38c9c23a1fd6d4bcd4d54e1f19d7a09cbb8e426"
  integrity sha512-2wCHeDxgvD9S06qRnxJah6b3y4BbHShmzJ0y6/+GhE0kerg54bF/hQglgPxyjpT1o/2slXwBdPeYc4Pjs/SxaA==
